// !$*UTF8*$!
{
	archiveVersion = 1;
	classes = {
	};
	objectVersion = 44;
	objects = {

		D8C6729FD3DF2B5CB1DB9365 = { isa = PBXBuildFile; fileRef = 61462B276D7AA9A453E27B8B; };
		14EA4DE26639867BC96543D4 = { isa = PBXBuildFile; fileRef = A09CAA2D03ACE9302411361F; };
		6F17BF6BA16C2C9D6A46CFBB = { isa = PBXBuildFile; fileRef = 6208BE9075932AD35F59C85B; };
		AE9B5860E894E1F6D582678E = { isa = PBXBuildFile; fileRef = 1053CDB8FFDC26D1CCA79DE0; };
		23489B52507CF8DC97899CC6 = { isa = PBXBuildFile; fileRef = 472EFC9075D8A160BE675788; };
		321ECE9587DD91A46C7EF939 = { isa = PBXBuildFile; fileRef = D1F9D50A5F53C474A42EE9C6; };
		792AFAD069BAF28E12B971E2 = { isa = PBXBuildFile; fileRef = 019B3AFA80BE7554D2F95A50; };
		F762DA9106858E7C11A0FFE5 = { isa = PBXBuildFile; fileRef = CB08CD077C475F89F00A5E85; };
		37CA47347323D412C74C659F = { isa = PBXBuildFile; fileRef = 70B6E353B7A61808F0EAA92C; };
		FFB07D926864EB5FE6687FE9 = { isa = PBXBuildFile; fileRef = 734E5A7074E974512629BCED; };
		8B40B0137D59137748A8CB33 = { isa = PBXBuildFile; fileRef = 26D293F3566F22A753DB5458; };
		A43314AF9041895C7AA11DF0 = { isa = PBXBuildFile; fileRef = EE94838428DE8B9506611F42; };
		5FA1A7B76CA68BECD42C38F1 = { isa = PBXBuildFile; fileRef = 8076C4ED2F6944FFA5760557; };
		58210E947E9532B3FB32C174 = { isa = PBXBuildFile; fileRef = E0242693E402AD31F33DA969; };
		64B71E355A6109CB2517057F = { isa = PBXBuildFile; fileRef = 3A4BFF9FF1ED2055D7202DA9; };
		604E2EC6262CCFD35FEC498A = { isa = PBXBuildFile; fileRef = 7362C89A0DD89388BB04A0E9; };
		7CD43F6702E796DB7AC18D85 = { isa = PBXBuildFile; fileRef = CC9990961AB316AB9FF72438; };
		61462B276D7AA9A453E27B8B = { isa = PBXFileReference; lastKnownFileType = wrapper.framework; name = Cocoa.framework; path = System/Library/Frameworks/Cocoa.framework; sourceTree = SDKROOT; };
		A09CAA2D03ACE9302411361F = { isa = PBXFileReference; lastKnownFileType = wrapper.framework; name = Carbon.framework; path = System/Library/Frameworks/Carbon.framework; sourceTree = SDKROOT; };
		6208BE9075932AD35F59C85B = { isa = PBXFileReference; lastKnownFileType = wrapper.framework; name = IOKit.framework; path = System/Library/Frameworks/IOKit.framework; sourceTree = SDKROOT; };
		1053CDB8FFDC26D1CCA79DE0 = { isa = PBXFileReference; lastKnownFileType = wrapper.framework; name = CoreAudio.framework; path = System/Library/Frameworks/CoreAudio.framework; sourceTree = SDKROOT; };
		472EFC9075D8A160BE675788 = { isa = PBXFileReference; lastKnownFileType = wrapper.framework; name = CoreMIDI.framework; path = System/Library/Frameworks/CoreMIDI.framework; sourceTree = SDKROOT; };
		D1F9D50A5F53C474A42EE9C6 = { isa = PBXFileReference; lastKnownFileType = wrapper.framework; name = WebKit.framework; path = System/Library/Frameworks/WebKit.framework; sourceTree = SDKROOT; };
		019B3AFA80BE7554D2F95A50 = { isa = PBXFileReference; lastKnownFileType = wrapper.framework; name = DiscRecording.framework; path = System/Library/Frameworks/DiscRecording.framework; sourceTree = SDKROOT; };
		CB08CD077C475F89F00A5E85 = { isa = PBXFileReference; lastKnownFileType = wrapper.framework; name = OpenGL.framework; path = System/Library/Frameworks/OpenGL.framework; sourceTree = SDKROOT; };
		70B6E353B7A61808F0EAA92C = { isa = PBXFileReference; lastKnownFileType = wrapper.framework; name = QuartzCore.framework; path = System/Library/Frameworks/QuartzCore.framework; sourceTree = SDKROOT; };
		734E5A7074E974512629BCED = { isa = PBXFileReference; lastKnownFileType = wrapper.framework; name = QTKit.framework; path = System/Library/Frameworks/QTKit.framework; sourceTree = SDKROOT; };
		26D293F3566F22A753DB5458 = { isa = PBXFileReference; lastKnownFileType = wrapper.framework; name = QuickTime.framework; path = System/Library/Frameworks/QuickTime.framework; sourceTree = SDKROOT; };
		6FD8EAB7572580BA5E7B23EF = { isa = PBXFileReference; explicitFileType = wrapper.application; includeInIndex = 0; path = "Sound GUI.app"; sourceTree = BUILT_PRODUCTS_DIR; };
		40BC48BA985CC9B92E09E66D = { isa = PBXFileReference; lastKnownFileType = text.plist.xml; name = Info.plist; path = Info.plist; sourceTree = SOURCE_ROOT; };
		EE94838428DE8B9506611F42 = { isa = PBXFileReference; lastKnownFileType = sourcecode.cpp.cpp; name = MainWindow.cpp; path = ../../Source/MainWindow.cpp; sourceTree = SOURCE_ROOT; };
		95DFE0C24DB96EE02A5DC111 = { isa = PBXFileReference; lastKnownFileType = sourcecode.c.h; name = MainWindow.h; path = ../../Source/MainWindow.h; sourceTree = SOURCE_ROOT; };
		8076C4ED2F6944FFA5760557 = { isa = PBXFileReference; lastKnownFileType = sourcecode.cpp.cpp; name = Main.cpp; path = ../../Source/Main.cpp; sourceTree = SOURCE_ROOT; };
		14470D44862BA6C33F61D6AD = { isa = PBXFileReference; lastKnownFileType = sourcecode.c.h; name = AppConfig.h; path = ../../JuceLibraryCode/AppConfig.h; sourceTree = SOURCE_ROOT; };
		DCC3D4F188E6DA23A37D5A0D = { isa = PBXFileReference; lastKnownFileType = sourcecode.c.h; name = JuceHeader.h; path = ../../JuceLibraryCode/JuceHeader.h; sourceTree = SOURCE_ROOT; };
		E0242693E402AD31F33DA969 = { isa = PBXFileReference; lastKnownFileType = sourcecode.cpp.objcpp; name = JuceLibraryCode1.mm; path = ../../JuceLibraryCode/JuceLibraryCode1.mm; sourceTree = SOURCE_ROOT; };
		3A4BFF9FF1ED2055D7202DA9 = { isa = PBXFileReference; lastKnownFileType = sourcecode.cpp.objcpp; name = JuceLibraryCode2.mm; path = ../../JuceLibraryCode/JuceLibraryCode2.mm; sourceTree = SOURCE_ROOT; };
		7362C89A0DD89388BB04A0E9 = { isa = PBXFileReference; lastKnownFileType = sourcecode.cpp.objcpp; name = JuceLibraryCode3.mm; path = ../../JuceLibraryCode/JuceLibraryCode3.mm; sourceTree = SOURCE_ROOT; };
		CC9990961AB316AB9FF72438 = { isa = PBXFileReference; lastKnownFileType = sourcecode.cpp.objcpp; name = JuceLibraryCode4.mm; path = ../../JuceLibraryCode/JuceLibraryCode4.mm; sourceTree = SOURCE_ROOT; };
		82A1EEA2813A1CAE9832CAA3 = { isa = PBXGroup; children = (
				EE94838428DE8B9506611F42,
				95DFE0C24DB96EE02A5DC111,
				8076C4ED2F6944FFA5760557 ); name = Source; sourceTree = "<group>"; };
		824EC2964F2CCE0E58E54BCE = { isa = PBXGroup; children = (
				14470D44862BA6C33F61D6AD,
				DCC3D4F188E6DA23A37D5A0D,
				E0242693E402AD31F33DA969,
				3A4BFF9FF1ED2055D7202DA9,
				7362C89A0DD89388BB04A0E9,
				CC9990961AB316AB9FF72438 ); name = "Juce Library Code"; sourceTree = "<group>"; };
		47BC327AA399F34B19EA40EF = { isa = PBXGroup; children = (
				40BC48BA985CC9B92E09E66D ); name = Resources; sourceTree = "<group>"; };
		5A5AF84F7A02A6348947FB40 = { isa = PBXGroup; children = (
				61462B276D7AA9A453E27B8B,
				A09CAA2D03ACE9302411361F,
				6208BE9075932AD35F59C85B,
				1053CDB8FFDC26D1CCA79DE0,
				472EFC9075D8A160BE675788,
				D1F9D50A5F53C474A42EE9C6,
				019B3AFA80BE7554D2F95A50,
				CB08CD077C475F89F00A5E85,
				70B6E353B7A61808F0EAA92C,
				734E5A7074E974512629BCED,
				26D293F3566F22A753DB5458 ); name = Frameworks; sourceTree = "<group>"; };
		6560C5DBD832017B744C4FAC = { isa = PBXGroup; children = (
				6FD8EAB7572580BA5E7B23EF ); name = Products; sourceTree = "<group>"; };
		621B05F4AD58AC45D09BA8A7 = { isa = PBXGroup; children = (
				82A1EEA2813A1CAE9832CAA3,
				824EC2964F2CCE0E58E54BCE,
				47BC327AA399F34B19EA40EF,
				5A5AF84F7A02A6348947FB40,
				6560C5DBD832017B744C4FAC ); name = Source; sourceTree = "<group>"; };
		2A7A9CE56CA470098D3EDD3E = { isa = XCBuildConfiguration; buildSettings = {
				ARCHS = "$(ARCHS_STANDARD_32_BIT)";
				PREBINDING = NO;
				HEADER_SEARCH_PATHS = " $(inherited)";
				GCC_OPTIMIZATION_LEVEL = 0;
				INFOPLIST_FILE = Info.plist;
				INSTALL_PATH = "$(HOME)/Applications";
				MACOSX_DEPLOYMENT_TARGET_ppc = 10.4;
				ONLY_ACTIVE_ARCH = YES;
				COPY_PHASE_STRIP = NO;
				GCC_DYNAMIC_NO_PIC = NO;
				GCC_ENABLE_FIX_AND_CONTINUE = YES;
				GCC_PREPROCESSOR_DEFINITIONS = (
				"_DEBUG=1",
				"DEBUG=1 "); }; name = Debug; };
		C4162557870C16F3939A5C05 = { isa = XCBuildConfiguration; buildSettings = {
				ARCHS = "$(ARCHS_STANDARD_32_BIT)";
				PREBINDING = NO;
				HEADER_SEARCH_PATHS = " $(inherited)";
				GCC_OPTIMIZATION_LEVEL = s;
				INFOPLIST_FILE = Info.plist;
				INSTALL_PATH = "$(HOME)/Applications";
				MACOSX_DEPLOYMENT_TARGET_ppc = 10.4;
				GCC_GENERATE_DEBUGGING_SYMBOLS = NO;
				GCC_SYMBOLS_PRIVATE_EXTERN = YES;
				GCC_PREPROCESSOR_DEFINITIONS = (
				"_NDEBUG=1",
				"NDEBUG=1 "); }; name = Release; };
		B5C9E4114C9686F29C29D1C2 = { isa = XCBuildConfiguration; buildSettings = {
				ALWAYS_SEARCH_USER_PATHS = NO;
				GCC_C_LANGUAGE_STANDARD = c99;
				GCC_WARN_ABOUT_RETURN_TYPE = YES;
				GCC_WARN_CHECK_SWITCH_STATEMENTS = YES;
				GCC_WARN_UNUSED_VARIABLE = YES;
				GCC_WARN_MISSING_PARENTHESES = YES;
				GCC_WARN_NON_VIRTUAL_DESTRUCTOR = YES;
				GCC_WARN_TYPECHECK_CALLS_TO_PRINTF = YES;
				GCC_MODEL_TUNING = G5;
				GCC_INLINES_ARE_PRIVATE_EXTERN = YES;
				ZERO_LINK = NO;
				DEBUG_INFORMATION_FORMAT = "dwarf-with-dsym";
				PRODUCT_NAME = "Sound GUI"; }; name = Debug; };
		A84F968D145D9877B108E3D6 = { isa = XCBuildConfiguration; buildSettings = {
				ALWAYS_SEARCH_USER_PATHS = NO;
				GCC_C_LANGUAGE_STANDARD = c99;
				GCC_WARN_ABOUT_RETURN_TYPE = YES;
				GCC_WARN_CHECK_SWITCH_STATEMENTS = YES;
				GCC_WARN_UNUSED_VARIABLE = YES;
				GCC_WARN_MISSING_PARENTHESES = YES;
				GCC_WARN_NON_VIRTUAL_DESTRUCTOR = YES;
				GCC_WARN_TYPECHECK_CALLS_TO_PRINTF = YES;
				GCC_MODEL_TUNING = G5;
				GCC_INLINES_ARE_PRIVATE_EXTERN = YES;
				ZERO_LINK = NO;
				DEBUG_INFORMATION_FORMAT = "dwarf-with-dsym";
				PRODUCT_NAME = "Sound GUI"; }; name = Release; };
		61414F38B862ABEE0E98BEAF = { isa = XCConfigurationList; buildConfigurations = (
				B5C9E4114C9686F29C29D1C2,
				A84F968D145D9877B108E3D6 ); defaultConfigurationIsVisible = 0; defaultConfigurationName = Debug; };
		09845C7298D56535BD98D393 = { isa = XCConfigurationList; buildConfigurations = (
				2A7A9CE56CA470098D3EDD3E,
				C4162557870C16F3939A5C05 ); defaultConfigurationIsVisible = 0; defaultConfigurationName = Debug; };
		D4B36D6B011D88D71CE94758 = { isa = PBXResourcesBuildPhase; buildActionMask = 2147483647; files = (  ); runOnlyForDeploymentPostprocessing = 0; };
		B05969D9C008923475EB8C04 = { isa = PBXSourcesBuildPhase; buildActionMask = 2147483647; files = (
				A43314AF9041895C7AA11DF0,
				5FA1A7B76CA68BECD42C38F1,
				58210E947E9532B3FB32C174,
				64B71E355A6109CB2517057F,
				604E2EC6262CCFD35FEC498A,
				7CD43F6702E796DB7AC18D85 ); runOnlyForDeploymentPostprocessing = 0; };
		646F9A13B9F4DD5C0FCD7A05 = { isa = PBXFrameworksBuildPhase; buildActionMask = 2147483647; files = (
				D8C6729FD3DF2B5CB1DB9365,
				14EA4DE26639867BC96543D4,
				6F17BF6BA16C2C9D6A46CFBB,
				AE9B5860E894E1F6D582678E,
				23489B52507CF8DC97899CC6,
				321ECE9587DD91A46C7EF939,
				792AFAD069BAF28E12B971E2,
				F762DA9106858E7C11A0FFE5,
				37CA47347323D412C74C659F,
				FFB07D926864EB5FE6687FE9,
				8B40B0137D59137748A8CB33 ); runOnlyForDeploymentPostprocessing = 0; };
		388BE3265E78F17A3F58E7C3 = { isa = PBXNativeTarget; buildConfigurationList = 09845C7298D56535BD98D393; buildPhases = (
				D4B36D6B011D88D71CE94758,
				B05969D9C008923475EB8C04,
				646F9A13B9F4DD5C0FCD7A05 ); buildRules = ( ); dependencies = ( ); name = "Sound GUI"; productName = "Sound GUI"; productReference = 6FD8EAB7572580BA5E7B23EF; productInstallPath = "$(HOME)/Applications"; productType = "com.apple.product-type.application"; };
		2324767F4F9E1F6B9B4D1C1A = { isa = PBXProject; buildConfigurationList = 61414F38B862ABEE0E98BEAF; compatibilityVersion = "Xcode 3.0"; hasScannedForEncodings = 0; mainGroup = 621B05F4AD58AC45D09BA8A7; projectDirPath = ""; projectRoot = ""; targets = ( 388BE3265E78F17A3F58E7C3 ); };
	};
	rootObject = 2324767F4F9E1F6B9B4D1C1A;
}
